// !$*UTF8*$!
{
	archiveVersion = 1;
	classes = {
	};
	objectVersion = 56;
	objects = {

/* Begin PBXBuildFile section */
		5C4CF94E292F9411009146BB /* AppDelegate.swift in Sources */ = {isa = PBXBuildFile; fileRef = 5C4CF94D292F9411009146BB /* AppDelegate.swift */; };
		5C4CF950292F9411009146BB /* SceneDelegate.swift in Sources */ = {isa = PBXBuildFile; fileRef = 5C4CF94F292F9411009146BB /* SceneDelegate.swift */; };
		5C4CF952292F9411009146BB /* ViewController.swift in Sources */ = {isa = PBXBuildFile; fileRef = 5C4CF951292F9411009146BB /* ViewController.swift */; };
		5C4CF955292F9411009146BB /* Main.storyboard in Resources */ = {isa = PBXBuildFile; fileRef = 5C4CF953292F9411009146BB /* Main.storyboard */; };
		5C4CF957292F9414009146BB /* Assets.xcassets in Resources */ = {isa = PBXBuildFile; fileRef = 5C4CF956292F9414009146BB /* Assets.xcassets */; };
		5C4CF95A292F9414009146BB /* LaunchScreen.storyboard in Resources */ = {isa = PBXBuildFile; fileRef = 5C4CF958292F9414009146BB /* LaunchScreen.storyboard */; };
		5C4CF965292F9414009146BB /* ChessClockUpdatedTests.swift in Sources */ = {isa = PBXBuildFile; fileRef = 5C4CF964292F9414009146BB /* ChessClockUpdatedTests.swift */; };
		5C4CF96F292F9414009146BB /* ChessClockUpdatedUITests.swift in Sources */ = {isa = PBXBuildFile; fileRef = 5C4CF96E292F9414009146BB /* ChessClockUpdatedUITests.swift */; };
		5C4CF971292F9414009146BB /* ChessClockUpdatedUITestsLaunchTests.swift in Sources */ = {isa = PBXBuildFile; fileRef = 5C4CF970292F9414009146BB /* ChessClockUpdatedUITestsLaunchTests.swift */; };
		5C4CF982292FD6B2009146BB /* SettingsViewController.swift in Sources */ = {isa = PBXBuildFile; fileRef = 5C4CF981292FD6B2009146BB /* SettingsViewController.swift */; };
/* End PBXBuildFile section */

/* Begin PBXContainerItemProxy section */
		5C4CF961292F9414009146BB /* PBXContainerItemProxy */ = {
			isa = PBXContainerItemProxy;
			containerPortal = 5C4CF942292F9411009146BB /* Project object */;
			proxyType = 1;
			remoteGlobalIDString = 5C4CF949292F9411009146BB;
			remoteInfo = ChessClockUpdated;
		};
		5C4CF96B292F9414009146BB /* PBXContainerItemProxy */ = {
			isa = PBXContainerItemProxy;
			containerPortal = 5C4CF942292F9411009146BB /* Project object */;
			proxyType = 1;
			remoteGlobalIDString = 5C4CF949292F9411009146BB;
			remoteInfo = ChessClockUpdated;
		};
/* End PBXContainerItemProxy section */

/* Begin PBXFileReference section */
		5C4CF94A292F9411009146BB /* ChessClockUpdated.app */ = {isa = PBXFileReference; explicitFileType = wrapper.application; includeInIndex = 0; path = ChessClockUpdated.app; sourceTree = BUILT_PRODUCTS_DIR; };
		5C4CF94D292F9411009146BB /* AppDelegate.swift */ = {isa = PBXFileReference; lastKnownFileType = sourcecode.swift; path = AppDelegate.swift; sourceTree = "<group>"; };
		5C4CF94F292F9411009146BB /* SceneDelegate.swift */ = {isa = PBXFileReference; lastKnownFileType = sourcecode.swift; path = SceneDelegate.swift; sourceTree = "<group>"; };
		5C4CF951292F9411009146BB /* ViewController.swift */ = {isa = PBXFileReference; lastKnownFileType = sourcecode.swift; path = ViewController.swift; sourceTree = "<group>"; };
		5C4CF954292F9411009146BB /* Base */ = {isa = PBXFileReference; lastKnownFileType = file.storyboard; name = Base; path = Base.lproj/Main.storyboard; sourceTree = "<group>"; };
		5C4CF956292F9414009146BB /* Assets.xcassets */ = {isa = PBXFileReference; lastKnownFileType = folder.assetcatalog; path = Assets.xcassets; sourceTree = "<group>"; };
		5C4CF959292F9414009146BB /* Base */ = {isa = PBXFileReference; lastKnownFileType = file.storyboard; name = Base; path = Base.lproj/LaunchScreen.storyboard; sourceTree = "<group>"; };
		5C4CF95B292F9414009146BB /* Info.plist */ = {isa = PBXFileReference; lastKnownFileType = text.plist.xml; path = Info.plist; sourceTree = "<group>"; };
		5C4CF960292F9414009146BB /* ChessClockUpdatedTests.xctest */ = {isa = PBXFileReference; explicitFileType = wrapper.cfbundle; includeInIndex = 0; path = ChessClockUpdatedTests.xctest; sourceTree = BUILT_PRODUCTS_DIR; };
		5C4CF964292F9414009146BB /* ChessClockUpdatedTests.swift */ = {isa = PBXFileReference; lastKnownFileType = sourcecode.swift; path = ChessClockUpdatedTests.swift; sourceTree = "<group>"; };
		5C4CF96A292F9414009146BB /* ChessClockUpdatedUITests.xctest */ = {isa = PBXFileReference; explicitFileType = wrapper.cfbundle; includeInIndex = 0; path = ChessClockUpdatedUITests.xctest; sourceTree = BUILT_PRODUCTS_DIR; };
		5C4CF96E292F9414009146BB /* ChessClockUpdatedUITests.swift */ = {isa = PBXFileReference; lastKnownFileType = sourcecode.swift; path = ChessClockUpdatedUITests.swift; sourceTree = "<group>"; };
		5C4CF970292F9414009146BB /* ChessClockUpdatedUITestsLaunchTests.swift */ = {isa = PBXFileReference; lastKnownFileType = sourcecode.swift; path = ChessClockUpdatedUITestsLaunchTests.swift; sourceTree = "<group>"; };
		5C4CF981292FD6B2009146BB /* SettingsViewController.swift */ = {isa = PBXFileReference; lastKnownFileType = sourcecode.swift; path = SettingsViewController.swift; sourceTree = "<group>"; };
/* End PBXFileReference section */

/* Begin PBXFrameworksBuildPhase section */
		5C4CF947292F9411009146BB /* Frameworks */ = {
			isa = PBXFrameworksBuildPhase;
			buildActionMask = 2147483647;
			files = (
			);
			runOnlyForDeploymentPostprocessing = 0;
		};
		5C4CF95D292F9414009146BB /* Frameworks */ = {
			isa = PBXFrameworksBuildPhase;
			buildActionMask = 2147483647;
			files = (
			);
			runOnlyForDeploymentPostprocessing = 0;
		};
		5C4CF967292F9414009146BB /* Frameworks */ = {
			isa = PBXFrameworksBuildPhase;
			buildActionMask = 2147483647;
			files = (
			);
			runOnlyForDeploymentPostprocessing = 0;
		};
/* End PBXFrameworksBuildPhase section */

/* Begin PBXGroup section */
		5C4CF941292F9411009146BB = {
			isa = PBXGroup;
			children = (
				5C4CF94C292F9411009146BB /* ChessClockUpdated */,
				5C4CF963292F9414009146BB /* ChessClockUpdatedTests */,
				5C4CF96D292F9414009146BB /* ChessClockUpdatedUITests */,
				5C4CF94B292F9411009146BB /* Products */,
			);
			sourceTree = "<group>";
		};
		5C4CF94B292F9411009146BB /* Products */ = {
			isa = PBXGroup;
			children = (
				5C4CF94A292F9411009146BB /* ChessClockUpdated.app */,
				5C4CF960292F9414009146BB /* ChessClockUpdatedTests.xctest */,
				5C4CF96A292F9414009146BB /* ChessClockUpdatedUITests.xctest */,
			);
			name = Products;
			sourceTree = "<group>";
		};
		5C4CF94C292F9411009146BB /* ChessClockUpdated */ = {
			isa = PBXGroup;
			children = (
				5C4CF94D292F9411009146BB /* AppDelegate.swift */,
				5C4CF94F292F9411009146BB /* SceneDelegate.swift */,
				5C4CF951292F9411009146BB /* ViewController.swift */,
				5C4CF981292FD6B2009146BB /* SettingsViewController.swift */,
				5C4CF953292F9411009146BB /* Main.storyboard */,
				5C4CF956292F9414009146BB /* Assets.xcassets */,
				5C4CF958292F9414009146BB /* LaunchScreen.storyboard */,
				5C4CF95B292F9414009146BB /* Info.plist */,
			);
			path = ChessClockUpdated;
			sourceTree = "<group>";
		};
		5C4CF963292F9414009146BB /* ChessClockUpdatedTests */ = {
			isa = PBXGroup;
			children = (
				5C4CF964292F9414009146BB /* ChessClockUpdatedTests.swift */,
			);
			path = ChessClockUpdatedTests;
			sourceTree = "<group>";
		};
		5C4CF96D292F9414009146BB /* ChessClockUpdatedUITests */ = {
			isa = PBXGroup;
			children = (
				5C4CF96E292F9414009146BB /* ChessClockUpdatedUITests.swift */,
				5C4CF970292F9414009146BB /* ChessClockUpdatedUITestsLaunchTests.swift */,
			);
			path = ChessClockUpdatedUITests;
			sourceTree = "<group>";
		};
/* End PBXGroup section */

/* Begin PBXNativeTarget section */
		5C4CF949292F9411009146BB /* ChessClockUpdated */ = {
			isa = PBXNativeTarget;
			buildConfigurationList = 5C4CF974292F9414009146BB /* Build configuration list for PBXNativeTarget "ChessClockUpdated" */;
			buildPhases = (
				5C4CF946292F9411009146BB /* Sources */,
				5C4CF947292F9411009146BB /* Frameworks */,
				5C4CF948292F9411009146BB /* Resources */,
			);
			buildRules = (
			);
			dependencies = (
			);
			name = ChessClockUpdated;
			productName = ChessClockUpdated;
			productReference = 5C4CF94A292F9411009146BB /* ChessClockUpdated.app */;
			productType = "com.apple.product-type.application";
		};
		5C4CF95F292F9414009146BB /* ChessClockUpdatedTests */ = {
			isa = PBXNativeTarget;
			buildConfigurationList = 5C4CF977292F9414009146BB /* Build configuration list for PBXNativeTarget "ChessClockUpdatedTests" */;
			buildPhases = (
				5C4CF95C292F9414009146BB /* Sources */,
				5C4CF95D292F9414009146BB /* Frameworks */,
				5C4CF95E292F9414009146BB /* Resources */,
			);
			buildRules = (
			);
			dependencies = (
				5C4CF962292F9414009146BB /* PBXTargetDependency */,
			);
			name = ChessClockUpdatedTests;
			productName = ChessClockUpdatedTests;
			productReference = 5C4CF960292F9414009146BB /* ChessClockUpdatedTests.xctest */;
			productType = "com.apple.product-type.bundle.unit-test";
		};
		5C4CF969292F9414009146BB /* ChessClockUpdatedUITests */ = {
			isa = PBXNativeTarget;
			buildConfigurationList = 5C4CF97A292F9414009146BB /* Build configuration list for PBXNativeTarget "ChessClockUpdatedUITests" */;
			buildPhases = (
				5C4CF966292F9414009146BB /* Sources */,
				5C4CF967292F9414009146BB /* Frameworks */,
				5C4CF968292F9414009146BB /* Resources */,
			);
			buildRules = (
			);
			dependencies = (
				5C4CF96C292F9414009146BB /* PBXTargetDependency */,
			);
			name = ChessClockUpdatedUITests;
			productName = ChessClockUpdatedUITests;
			productReference = 5C4CF96A292F9414009146BB /* ChessClockUpdatedUITests.xctest */;
			productType = "com.apple.product-type.bundle.ui-testing";
		};
/* End PBXNativeTarget section */

/* Begin PBXProject section */
		5C4CF942292F9411009146BB /* Project object */ = {
			isa = PBXProject;
			attributes = {
				BuildIndependentTargetsInParallel = 1;
				LastSwiftUpdateCheck = 1410;
				LastUpgradeCheck = 1410;
				TargetAttributes = {
					5C4CF949292F9411009146BB = {
						CreatedOnToolsVersion = 14.1;
					};
					5C4CF95F292F9414009146BB = {
						CreatedOnToolsVersion = 14.1;
						TestTargetID = 5C4CF949292F9411009146BB;
					};
					5C4CF969292F9414009146BB = {
						CreatedOnToolsVersion = 14.1;
						TestTargetID = 5C4CF949292F9411009146BB;
					};
				};
			};
			buildConfigurationList = 5C4CF945292F9411009146BB /* Build configuration list for PBXProject "ChessClockUpdated" */;
			compatibilityVersion = "Xcode 14.0";
			developmentRegion = en;
			hasScannedForEncodings = 0;
			knownRegions = (
				en,
				Base,
			);
			mainGroup = 5C4CF941292F9411009146BB;
			productRefGroup = 5C4CF94B292F9411009146BB /* Products */;
			projectDirPath = "";
			projectRoot = "";
			targets = (
				5C4CF949292F9411009146BB /* ChessClockUpdated */,
				5C4CF95F292F9414009146BB /* ChessClockUpdatedTests */,
				5C4CF969292F9414009146BB /* ChessClockUpdatedUITests */,
			);
		};
/* End PBXProject section */

/* Begin PBXResourcesBuildPhase section */
		5C4CF948292F9411009146BB /* Resources */ = {
			isa = PBXResourcesBuildPhase;
			buildActionMask = 2147483647;
			files = (
				5C4CF95A292F9414009146BB /* LaunchScreen.storyboard in Resources */,
				5C4CF957292F9414009146BB /* Assets.xcassets in Resources */,
				5C4CF955292F9411009146BB /* Main.storyboard in Resources */,
			);
			runOnlyForDeploymentPostprocessing = 0;
		};
		5C4CF95E292F9414009146BB /* Resources */ = {
			isa = PBXResourcesBuildPhase;
			buildActionMask = 2147483647;
			files = (
			);
			runOnlyForDeploymentPostprocessing = 0;
		};
		5C4CF968292F9414009146BB /* Resources */ = {
			isa = PBXResourcesBuildPhase;
			buildActionMask = 2147483647;
			files = (
			);
			runOnlyForDeploymentPostprocessing = 0;
		};
/* End PBXResourcesBuildPhase section */

/* Begin PBXSourcesBuildPhase section */
		5C4CF946292F9411009146BB /* Sources */ = {
			isa = PBXSourcesBuildPhase;
			buildActionMask = 2147483647;
			files = (
				5C4CF952292F9411009146BB /* ViewController.swift in Sources */,
				5C4CF94E292F9411009146BB /* AppDelegate.swift in Sources */,
				5C4CF950292F9411009146BB /* SceneDelegate.swift in Sources */,
				5C4CF982292FD6B2009146BB /* SettingsViewController.swift in Sources */,
			);
			runOnlyForDeploymentPostprocessing = 0;
		};
		5C4CF95C292F9414009146BB /* Sources */ = {
			isa = PBXSourcesBuildPhase;
			buildActionMask = 2147483647;
			files = (
				5C4CF965292F9414009146BB /* ChessClockUpdatedTests.swift in Sources */,
			);
			runOnlyForDeploymentPostprocessing = 0;
		};
		5C4CF966292F9414009146BB /* Sources */ = {
			isa = PBXSourcesBuildPhase;
			buildActionMask = 2147483647;
			files = (
				5C4CF971292F9414009146BB /* ChessClockUpdatedUITestsLaunchTests.swift in Sources */,
				5C4CF96F292F9414009146BB /* ChessClockUpdatedUITests.swift in Sources */,
			);
			runOnlyForDeploymentPostprocessing = 0;
		};
/* End PBXSourcesBuildPhase section */

/* Begin PBXTargetDependency section */
		5C4CF962292F9414009146BB /* PBXTargetDependency */ = {
			isa = PBXTargetDependency;
			target = 5C4CF949292F9411009146BB /* ChessClockUpdated */;
			targetProxy = 5C4CF961292F9414009146BB /* PBXContainerItemProxy */;
		};
		5C4CF96C292F9414009146BB /* PBXTargetDependency */ = {
			isa = PBXTargetDependency;
			target = 5C4CF949292F9411009146BB /* ChessClockUpdated */;
			targetProxy = 5C4CF96B292F9414009146BB /* PBXContainerItemProxy */;
		};
/* End PBXTargetDependency section */

/* Begin PBXVariantGroup section */
		5C4CF953292F9411009146BB /* Main.storyboard */ = {
			isa = PBXVariantGroup;
			children = (
				5C4CF954292F9411009146BB /* Base */,
			);
			name = Main.storyboard;
			sourceTree = "<group>";
		};
		5C4CF958292F9414009146BB /* LaunchScreen.storyboard */ = {
			isa = PBXVariantGroup;
			children = (
				5C4CF959292F9414009146BB /* Base */,
			);
			name = LaunchScreen.storyboard;
			sourceTree = "<group>";
		};
/* End PBXVariantGroup section */

/* Begin XCBuildConfiguration section */
		5C4CF972292F9414009146BB /* Debug */ = {
			isa = XCBuildConfiguration;
			buildSettings = {
				ALWAYS_SEARCH_USER_PATHS = NO;
				CLANG_ANALYZER_NONNULL = YES;
				CLANG_ANALYZER_NUMBER_OBJECT_CONVERSION = YES_AGGRESSIVE;
				CLANG_CXX_LANGUAGE_STANDARD = "gnu++20";
				CLANG_ENABLE_MODULES = YES;
				CLANG_ENABLE_OBJC_ARC = YES;
				CLANG_ENABLE_OBJC_WEAK = YES;
				CLANG_WARN_BLOCK_CAPTURE_AUTORELEASING = YES;
				CLANG_WARN_BOOL_CONVERSION = YES;
				CLANG_WARN_COMMA = YES;
				CLANG_WARN_CONSTANT_CONVERSION = YES;
				CLANG_WARN_DEPRECATED_OBJC_IMPLEMENTATIONS = YES;
				CLANG_WARN_DIRECT_OBJC_ISA_USAGE = YES_ERROR;
				CLANG_WARN_DOCUMENTATION_COMMENTS = YES;
				CLANG_WARN_EMPTY_BODY = YES;
				CLANG_WARN_ENUM_CONVERSION = YES;
				CLANG_WARN_INFINITE_RECURSION = YES;
				CLANG_WARN_INT_CONVERSION = YES;
				CLANG_WARN_NON_LITERAL_NULL_CONVERSION = YES;
				CLANG_WARN_OBJC_IMPLICIT_RETAIN_SELF = YES;
				CLANG_WARN_OBJC_LITERAL_CONVERSION = YES;
				CLANG_WARN_OBJC_ROOT_CLASS = YES_ERROR;
				CLANG_WARN_QUOTED_INCLUDE_IN_FRAMEWORK_HEADER = YES;
				CLANG_WARN_RANGE_LOOP_ANALYSIS = YES;
				CLANG_WARN_STRICT_PROTOTYPES = YES;
				CLANG_WARN_SUSPICIOUS_MOVE = YES;
				CLANG_WARN_UNGUARDED_AVAILABILITY = YES_AGGRESSIVE;
				CLANG_WARN_UNREACHABLE_CODE = YES;
				CLANG_WARN__DUPLICATE_METHOD_MATCH = YES;
				COPY_PHASE_STRIP = NO;
				DEBUG_INFORMATION_FORMAT = dwarf;
				ENABLE_STRICT_OBJC_MSGSEND = YES;
				ENABLE_TESTABILITY = YES;
				GCC_C_LANGUAGE_STANDARD = gnu11;
				GCC_DYNAMIC_NO_PIC = NO;
				GCC_NO_COMMON_BLOCKS = YES;
				GCC_OPTIMIZATION_LEVEL = 0;
				GCC_PREPROCESSOR_DEFINITIONS = (
					"DEBUG=1",
					"$(inherited)",
				);
				GCC_WARN_64_TO_32_BIT_CONVERSION = YES;
				GCC_WARN_ABOUT_RETURN_TYPE = YES_ERROR;
				GCC_WARN_UNDECLARED_SELECTOR = YES;
				GCC_WARN_UNINITIALIZED_AUTOS = YES_AGGRESSIVE;
				GCC_WARN_UNUSED_FUNCTION = YES;
				GCC_WARN_UNUSED_VARIABLE = YES;
				IPHONEOS_DEPLOYMENT_TARGET = 16.1;
				MTL_ENABLE_DEBUG_INFO = INCLUDE_SOURCE;
				MTL_FAST_MATH = YES;
				ONLY_ACTIVE_ARCH = YES;
				SDKROOT = iphoneos;
				SWIFT_ACTIVE_COMPILATION_CONDITIONS = DEBUG;
				SWIFT_OPTIMIZATION_LEVEL = "-Onone";
			};
			name = Debug;
		};
		5C4CF973292F9414009146BB /* Release */ = {
			isa = XCBuildConfiguration;
			buildSettings = {
				ALWAYS_SEARCH_USER_PATHS = NO;
				CLANG_ANALYZER_NONNULL = YES;
				CLANG_ANALYZER_NUMBER_OBJECT_CONVERSION = YES_AGGRESSIVE;
				CLANG_CXX_LANGUAGE_STANDARD = "gnu++20";
				CLANG_ENABLE_MODULES = YES;
				CLANG_ENABLE_OBJC_ARC = YES;
				CLANG_ENABLE_OBJC_WEAK = YES;
				CLANG_WARN_BLOCK_CAPTURE_AUTORELEASING = YES;
				CLANG_WARN_BOOL_CONVERSION = YES;
				CLANG_WARN_COMMA = YES;
				CLANG_WARN_CONSTANT_CONVERSION = YES;
				CLANG_WARN_DEPRECATED_OBJC_IMPLEMENTATIONS = YES;
				CLANG_WARN_DIRECT_OBJC_ISA_USAGE = YES_ERROR;
				CLANG_WARN_DOCUMENTATION_COMMENTS = YES;
				CLANG_WARN_EMPTY_BODY = YES;
				CLANG_WARN_ENUM_CONVERSION = YES;
				CLANG_WARN_INFINITE_RECURSION = YES;
				CLANG_WARN_INT_CONVERSION = YES;
				CLANG_WARN_NON_LITERAL_NULL_CONVERSION = YES;
				CLANG_WARN_OBJC_IMPLICIT_RETAIN_SELF = YES;
				CLANG_WARN_OBJC_LITERAL_CONVERSION = YES;
				CLANG_WARN_OBJC_ROOT_CLASS = YES_ERROR;
				CLANG_WARN_QUOTED_INCLUDE_IN_FRAMEWORK_HEADER = YES;
				CLANG_WARN_RANGE_LOOP_ANALYSIS = YES;
				CLANG_WARN_STRICT_PROTOTYPES = YES;
				CLANG_WARN_SUSPICIOUS_MOVE = YES;
				CLANG_WARN_UNGUARDED_AVAILABILITY = YES_AGGRESSIVE;
				CLANG_WARN_UNREACHABLE_CODE = YES;
				CLANG_WARN__DUPLICATE_METHOD_MATCH = YES;
				COPY_PHASE_STRIP = NO;
				DEBUG_INFORMATION_FORMAT = "dwarf-with-dsym";
				ENABLE_NS_ASSERTIONS = NO;
				ENABLE_STRICT_OBJC_MSGSEND = YES;
				GCC_C_LANGUAGE_STANDARD = gnu11;
				GCC_NO_COMMON_BLOCKS = YES;
				GCC_WARN_64_TO_32_BIT_CONVERSION = YES;
				GCC_WARN_ABOUT_RETURN_TYPE = YES_ERROR;
				GCC_WARN_UNDECLARED_SELECTOR = YES;
				GCC_WARN_UNINITIALIZED_AUTOS = YES_AGGRESSIVE;
				GCC_WARN_UNUSED_FUNCTION = YES;
				GCC_WARN_UNUSED_VARIABLE = YES;
				IPHONEOS_DEPLOYMENT_TARGET = 16.1;
				MTL_ENABLE_DEBUG_INFO = NO;
				MTL_FAST_MATH = YES;
				SDKROOT = iphoneos;
				SWIFT_COMPILATION_MODE = wholemodule;
				SWIFT_OPTIMIZATION_LEVEL = "-O";
				VALIDATE_PRODUCT = YES;
			};
			name = Release;
		};
		5C4CF975292F9414009146BB /* Debug */ = {
			isa = XCBuildConfiguration;
			buildSettings = {
				ASSETCATALOG_COMPILER_APPICON_NAME = AppIcon;
				ASSETCATALOG_COMPILER_GLOBAL_ACCENT_COLOR_NAME = AccentColor;
				CODE_SIGN_STYLE = Automatic;
				CURRENT_PROJECT_VERSION = 1;
				DEVELOPMENT_TEAM = CH5SPF6555;
				GENERATE_INFOPLIST_FILE = YES;
				INFOPLIST_FILE = ChessClockUpdated/Info.plist;
				INFOPLIST_KEY_UIApplicationSupportsIndirectInputEvents = YES;
				INFOPLIST_KEY_UILaunchStoryboardName = LaunchScreen;
				INFOPLIST_KEY_UIMainStoryboardFile = Main;
				INFOPLIST_KEY_UISupportedInterfaceOrientations_iPad = "UIInterfaceOrientationPortrait UIInterfaceOrientationPortraitUpsideDown UIInterfaceOrientationLandscapeLeft UIInterfaceOrientationLandscapeRight";
				INFOPLIST_KEY_UISupportedInterfaceOrientations_iPhone = "UIInterfaceOrientationPortrait UIInterfaceOrientationLandscapeLeft UIInterfaceOrientationLandscapeRight";
				LD_RUNPATH_SEARCH_PATHS = (
					"$(inherited)",
					"@executable_path/Frameworks",
				);
				MARKETING_VERSION = 1.0;
				PRODUCT_BUNDLE_IDENTIFIER = com.example.ChessClockUpdated;
				PRODUCT_NAME = "$(TARGET_NAME)";
				SWIFT_EMIT_LOC_STRINGS = YES;
				SWIFT_VERSION = 5.0;
				TARGETED_DEVICE_FAMILY = "1,2";
			};
			name = Debug;
		};
		5C4CF976292F9414009146BB /* Release */ = {
			isa = XCBuildConfiguration;
			buildSettings = {
				ASSETCATALOG_COMPILER_APPICON_NAME = AppIcon;
				ASSETCATALOG_COMPILER_GLOBAL_ACCENT_COLOR_NAME = AccentColor;
				CODE_SIGN_STYLE = Automatic;
				CURRENT_PROJECT_VERSION = 1;
				DEVELOPMENT_TEAM = CH5SPF6555;
				GENERATE_INFOPLIST_FILE = YES;
				INFOPLIST_FILE = ChessClockUpdated/Info.plist;
				INFOPLIST_KEY_UIApplicationSupportsIndirectInputEvents = YES;
				INFOPLIST_KEY_UILaunchStoryboardName = LaunchScreen;
				INFOPLIST_KEY_UIMainStoryboardFile = Main;
				INFOPLIST_KEY_UISupportedInterfaceOrientations_iPad = "UIInterfaceOrientationPortrait UIInterfaceOrientationPortraitUpsideDown UIInterfaceOrientationLandscapeLeft UIInterfaceOrientationLandscapeRight";
				INFOPLIST_KEY_UISupportedInterfaceOrientations_iPhone = "UIInterfaceOrientationPortrait UIInterfaceOrientationLandscapeLeft UIInterfaceOrientationLandscapeRight";
				LD_RUNPATH_SEARCH_PATHS = (
					"$(inherited)",
					"@executable_path/Frameworks",
				);
				MARKETING_VERSION = 1.0;
				PRODUCT_BUNDLE_IDENTIFIER = com.example.ChessClockUpdated;
				PRODUCT_NAME = "$(TARGET_NAME)";
				SWIFT_EMIT_LOC_STRINGS = YES;
				SWIFT_VERSION = 5.0;
				TARGETED_DEVICE_FAMILY = "1,2";
			};
			name = Release;
		};
		5C4CF978292F9414009146BB /* Debug */ = {
			isa = XCBuildConfiguration;
			buildSettings = {
				ALWAYS_EMBED_SWIFT_STANDARD_LIBRARIES = YES;
				BUNDLE_LOADER = "$(TEST_HOST)";
				CODE_SIGN_STYLE = Automatic;
				CURRENT_PROJECT_VERSION = 1;
				DEVELOPMENT_TEAM = CH5SPF6555;
				GENERATE_INFOPLIST_FILE = YES;
				IPHONEOS_DEPLOYMENT_TARGET = 16.1;
				MARKETING_VERSION = 1.0;
				PRODUCT_BUNDLE_IDENTIFIER = com.example.ChessClockUpdatedTests;
				PRODUCT_NAME = "$(TARGET_NAME)";
				SWIFT_EMIT_LOC_STRINGS = NO;
				SWIFT_VERSION = 5.0;
				TARGETED_DEVICE_FAMILY = "1,2";
				TEST_HOST = "$(BUILT_PRODUCTS_DIR)/ChessClockUpdated.app/$(BUNDLE_EXECUTABLE_FOLDER_PATH)/ChessClockUpdated";
			};
			name = Debug;
		};
		5C4CF979292F9414009146BB /* Release */ = {
			isa = XCBuildConfiguration;
			buildSettings = {
				ALWAYS_EMBED_SWIFT_STANDARD_LIBRARIES = YES;
				BUNDLE_LOADER = "$(TEST_HOST)";
				CODE_SIGN_STYLE = Automatic;
				CURRENT_PROJECT_VERSION = 1;
				DEVELOPMENT_TEAM = CH5SPF6555;
				GENERATE_INFOPLIST_FILE = YES;
				IPHONEOS_DEPLOYMENT_TARGET = 16.1;
				MARKETING_VERSION = 1.0;
				PRODUCT_BUNDLE_IDENTIFIER = com.example.ChessClockUpdatedTests;
				PRODUCT_NAME = "$(TARGET_NAME)";
				SWIFT_EMIT_LOC_STRINGS = NO;
				SWIFT_VERSION = 5.0;
				TARGETED_DEVICE_FAMILY = "1,2";
				TEST_HOST = "$(BUILT_PRODUCTS_DIR)/ChessClockUpdated.app/$(BUNDLE_EXECUTABLE_FOLDER_PATH)/ChessClockUpdated";
			};
			name = Release;
		};
		5C4CF97B292F9414009146BB /* Debug */ = {
			isa = XCBuildConfiguration;
			buildSettings = {
				ALWAYS_EMBED_SWIFT_STANDARD_LIBRARIES = YES;
				CODE_SIGN_STYLE = Automatic;
				CURRENT_PROJECT_VERSION = 1;
				DEVELOPMENT_TEAM = CH5SPF6555;
				GENERATE_INFOPLIST_FILE = YES;
				MARKETING_VERSION = 1.0;
				PRODUCT_BUNDLE_IDENTIFIER = com.example.ChessClockUpdatedUITests;
				PRODUCT_NAME = "$(TARGET_NAME)";
				SWIFT_EMIT_LOC_STRINGS = NO;
				SWIFT_VERSION = 5.0;
				TARGETED_DEVICE_FAMILY = "1,2";
				TEST_TARGET_NAME = ChessClockUpdated;
			};
			name = Debug;
		};
		5C4CF97C292F9414009146BB /* Release */ = {
			isa = XCBuildConfiguration;
			buildSettings = {
				ALWAYS_EMBED_SWIFT_STANDARD_LIBRARIES = YES;
				CODE_SIGN_STYLE = Automatic;
				CURRENT_PROJECT_VERSION = 1;
				DEVELOPMENT_TEAM = CH5SPF6555;
				GENERATE_INFOPLIST_FILE = YES;
				MARKETING_VERSION = 1.0;
				PRODUCT_BUNDLE_IDENTIFIER = com.example.ChessClockUpdatedUITests;
				PRODUCT_NAME = "$(TARGET_NAME)";
				SWIFT_EMIT_LOC_STRINGS = NO;
				SWIFT_VERSION = 5.0;
				TARGETED_DEVICE_FAMILY = "1,2";
				TEST_TARGET_NAME = ChessClockUpdated;
			};
			name = Release;
		};
/* End XCBuildConfiguration section */

/* Begin XCConfigurationList section */
		5C4CF945292F9411009146BB /* Build configuration list for PBXProject "ChessClockUpdated" */ = {
			isa = XCConfigurationList;
			buildConfigurations = (
				5C4CF972292F9414009146BB /* Debug */,
				5C4CF973292F9414009146BB /* Release */,
			);
			defaultConfigurationIsVisible = 0;
			defaultConfigurationName = Release;
		};
		5C4CF974292F9414009146BB /* Build configuration list for PBXNativeTarget "ChessClockUpdated" */ = {
			isa = XCConfigurationList;
			buildConfigurations = (
				5C4CF975292F9414009146BB /* Debug */,
				5C4CF976292F9414009146BB /* Release */,
			);
			defaultConfigurationIsVisible = 0;
			defaultConfigurationName = Release;
		};
		5C4CF977292F9414009146BB /* Build configuration list for PBXNativeTarget "ChessClockUpdatedTests" */ = {
			isa = XCConfigurationList;
			buildConfigurations = (
				5C4CF978292F9414009146BB /* Debug */,
				5C4CF979292F9414009146BB /* Release */,
			);
			defaultConfigurationIsVisible = 0;
			defaultConfigurationName = Release;
		};
		5C4CF97A292F9414009146BB /* Build configuration list for PBXNativeTarget "ChessClockUpdatedUITests" */ = {
			isa = XCConfigurationList;
			buildConfigurations = (
				5C4CF97B292F9414009146BB /* Debug */,
				5C4CF97C292F9414009146BB /* Release */,
			);
			defaultConfigurationIsVisible = 0;
			defaultConfigurationName = Release;
		};
/* End XCConfigurationList section */
	};
	rootObject = 5C4CF942292F9411009146BB /* Project object */;
}
